
Microsoft Visual Studio Solution File, Format Version 12.00
Project("{F2A71F9B-5D33-465A-A702-920D77279786}") = "Tests", "Tests\Tests.fsproj", "{BB0214A3-C21E-4CD2-B9EA-F66A78A6E541}"
EndProject
Project("{F2A71F9B-5D33-465A-A702-920D77279786}") = "App", "..\src\App.fsproj", "{4DA1A9FF-2DF9-4075-909F-103485BC89F5}"
EndProject
Global
	GlobalSection(SolutionConfigurationPlatforms) = preSolution
		Debug|Any CPU = Debug|Any CPU
		Release|Any CPU = Release|Any CPU
	EndGlobalSection
	GlobalSection(ProjectConfigurationPlatforms) = postSolution
		{BB0214A3-C21E-4CD2-B9EA-F66A78A6E541}.Debug|Any CPU.ActiveCfg = Debug|Any CPU
		{BB0214A3-C21E-4CD2-B9EA-F66A78A6E541}.Debug|Any CPU.Build.0 = Debug|Any CPU
		{BB0214A3-C21E-4CD2-B9EA-F66A78A6E541}.Release|Any CPU.ActiveCfg = Release|Any CPU
		{BB0214A3-C21E-4CD2-B9EA-F66A78A6E541}.Release|Any CPU.Build.0 = Release|Any CPU
		{4DA1A9FF-2DF9-4075-909F-103485BC89F5}.Debug|Any CPU.ActiveCfg = Debug|Any CPU
		{4DA1A9FF-2DF9-4075-909F-103485BC89F5}.Debug|Any CPU.Build.0 = Debug|Any CPU
		{4DA1A9FF-2DF9-4075-909F-103485BC89F5}.Release|Any CPU.ActiveCfg = Release|Any CPU
		{4DA1A9FF-2DF9-4075-909F-103485BC89F5}.Release|Any CPU.Build.0 = Release|Any CPU
	EndGlobalSection
EndGlobal
